
Microsoft Visual Studio Solution File, Format Version 12.00
# Visual Studio Version 16
VisualStudioVersion = 16.0.29411.108
MinimumVisualStudioVersion = 10.0.40219.1
Project("{FAE04EC0-301F-11D3-BF4B-00C04F79EFBC}") = "CoreMailer", "CoreMailer\CoreMailer.csproj", "{30618FA9-2EFF-47D1-82D9-D15A8F4168EE}"
EndProject
Project("{FAE04EC0-301F-11D3-BF4B-00C04F79EFBC}") = "CoreMailerExample", "CoreMailerExample\CoreMailerExample.csproj", "{7C14ED03-B174-400C-A168-C503B5FC47C9}"
EndProject
Global
	GlobalSection(SolutionConfigurationPlatforms) = preSolution
		Debug|Any CPU = Debug|Any CPU
		Release|Any CPU = Release|Any CPU
	EndGlobalSection
	GlobalSection(ProjectConfigurationPlatforms) = postSolution
		{30618FA9-2EFF-47D1-82D9-D15A8F4168EE}.Debug|Any CPU.ActiveCfg = Debug|Any CPU
		{30618FA9-2EFF-47D1-82D9-D15A8F4168EE}.Debug|Any CPU.Build.0 = Debug|Any CPU
		{30618FA9-2EFF-47D1-82D9-D15A8F4168EE}.Release|Any CPU.ActiveCfg = Release|Any CPU
		{30618FA9-2EFF-47D1-82D9-D15A8F4168EE}.Release|Any CPU.Build.0 = Release|Any CPU
		{7C14ED03-B174-400C-A168-C503B5FC47C9}.Debug|Any CPU.ActiveCfg = Debug|Any CPU
		{7C14ED03-B174-400C-A168-C503B5FC47C9}.Debug|Any CPU.Build.0 = Debug|Any CPU
		{7C14ED03-B174-400C-A168-C503B5FC47C9}.Release|Any CPU.ActiveCfg = Release|Any CPU
		{7C14ED03-B174-400C-A168-C503B5FC47C9}.Release|Any CPU.Build.0 = Release|Any CPU
	EndGlobalSection
	GlobalSection(SolutionProperties) = preSolution
		HideSolutionNode = FALSE
	EndGlobalSection
	GlobalSection(ExtensibilityGlobals) = postSolution
		SolutionGuid = {5015FB04-9686-45B3-B5B0-E3A818C23774}
	EndGlobalSection
EndGlobal
